# This file is automatically @generated by Cargo.
# It is not intended for manual editing.
version = 4

[[package]]
name = "atom-adapter"
version = "0.0.0-alpha.0"

[[package]]
name = "atom-adapter-a2a"
version = "0.0.0-alpha.0"

[[package]]
name = "atom-adapter-agent-skills"
version = "0.0.0-alpha.0"

[[package]]
name = "atom-adapter-hermes"
version = "0.0.0-alpha.0"

[[package]]
name = "atom-adapter-mcp"
version = "0.0.0-alpha.0"

[[package]]
name = "atom-adapter-openclaw"
version = "0.0.0-alpha.0"

[[package]]
name = "atom-approval"
version = "0.0.0-alpha.0"

[[package]]
name = "atom-architecture-learner"
version = "0.0.0-alpha.0"

[[package]]
name = "atom-artifact"
version = "0.0.0-alpha.0"

[[package]]
name = "atom-capability"
version = "0.0.0-alpha.0"

[[package]]
name = "atom-capability-foundry"
version = "0.0.0-alpha.0"

[[package]]
name = "atom-cert"
version = "0.0.0-alpha.0"

[[package]]
name = "atom-claim"
version = "0.0.0-alpha.0"

[[package]]
name = "atom-cli"
version = "0.0.0-alpha.0"

[[package]]
name = "atom-cognition-jit"
version = "0.0.0-alpha.0"

[[package]]
name = "atom-connector"
version = "0.0.0-alpha.0"

[[package]]
name = "atom-context"
version = "0.0.0-alpha.0"

[[package]]
name = "atom-effect"
version = "0.0.0-alpha.0"

[[package]]
name = "atom-evaluator"
version = "0.0.0-alpha.0"

[[package]]
name = "atom-evidence"
version = "0.0.0-alpha.0"

[[package]]
name = "atom-experience-compiler"
version = "0.0.0-alpha.0"

[[package]]
name = "atom-fault"
version = "0.0.0-alpha.0"

[[package]]
name = "atom-identity"
version = "0.0.0-alpha.0"

[[package]]
name = "atom-kernel"
version = "0.0.0-alpha.0"

[[package]]
name = "atom-ledger"
version = "0.0.0-alpha.0"

[[package]]
name = "atom-memory"
version = "0.0.0-alpha.0"

[[package]]
name = "atom-mission"
version = "0.0.0-alpha.0"

[[package]]
name = "atom-policy"
version = "0.0.0-alpha.0"

[[package]]
name = "atom-privd"
version = "0.0.0-alpha.0"

[[package]]
name = "atom-provider"
version = "0.0.0-alpha.0"

[[package]]
name = "atom-replay"
version = "0.0.0-alpha.0"

[[package]]
name = "atom-restore"
version = "0.0.0-alpha.0"

[[package]]
name = "atom-runtime"
version = "0.0.0-alpha.0"

[[package]]
name = "atom-scheduler"
version = "0.0.0-alpha.0"

[[package]]
name = "atom-sdk"
version = "0.0.0-alpha.0"

[[package]]
name = "atom-secret"
version = "0.0.0-alpha.0"

[[package]]
name = "atom-target"
version = "0.0.0-alpha.0"

[[package]]
name = "atom-worker"
version = "0.0.0-alpha.0"
